
Microsoft Visual Studio Solution File, Format Version 12.00
# Visual Studio Version 17
VisualStudioVersion = 17.14.36109.1 d17.14
MinimumVisualStudioVersion = 10.0.40219.1
Project("{FAE04EC0-301F-11D3-BF4B-00C04F79EFBC}") = "Question", "Question\Question.csproj", "{89B11CA8-2175-42D9-930D-C17139EA5B8F}"
EndProject
Global
	GlobalSection(SolutionConfigurationPlatforms) = preSolution
		Debug|Any CPU = Debug|Any CPU
		Release|Any CPU = Release|Any CPU
	EndGlobalSection
	GlobalSection(ProjectConfigurationPlatforms) = postSolution
		{89B11CA8-2175-42D9-930D-C17139EA5B8F}.Debug|Any CPU.ActiveCfg = Debug|Any CPU
		{89B11CA8-2175-42D9-930D-C17139EA5B8F}.Debug|Any CPU.Build.0 = Debug|Any CPU
		{89B11CA8-2175-42D9-930D-C17139EA5B8F}.Debug|Any CPU.Deploy.0 = Debug|Any CPU
		{89B11CA8-2175-42D9-930D-C17139EA5B8F}.Release|Any CPU.ActiveCfg = Release|Any CPU
		{89B11CA8-2175-42D9-930D-C17139EA5B8F}.Release|Any CPU.Build.0 = Release|Any CPU
		{89B11CA8-2175-42D9-930D-C17139EA5B8F}.Release|Any CPU.Deploy.0 = Release|Any CPU
	EndGlobalSection
	GlobalSection(SolutionProperties) = preSolution
		HideSolutionNode = FALSE
	EndGlobalSection
	GlobalSection(ExtensibilityGlobals) = postSolution
		SolutionGuid = {BFAFBB07-4559-4B39-B5A1-485F1D01B050}
	EndGlobalSection
EndGlobal
